<?xml version="1.0" encoding="utf-8"?>
<Project ToolsVersion="4.0" xmlns="http://schemas.microsoft.com/developer/msbuild/2003">
  <ItemGroup>
    <ClCompile Include="source\Game.cpp">
      <Filter>Source</Filter>
    </ClCompile>
    <ClCompile Include="source\main.cpp">
      <Filter>Source</Filter>
    </ClCompile>
    <ClCompile Include="source\Obstacle.cpp">
      <Filter>Source</Filter>
    </ClCompile>
    <ClCompile Include="source\Player.cpp">
      <Filter>Source</Filter>
    </ClCompile>
    <ClCompile Include="source\Track.cpp">
      <Filter>Source</Filter>
    </ClCompile>
  </ItemGroup>
  <ItemGroup>
    <ClInclude Include="header\Cash.h">
      <Filter>header</Filter>
    </ClInclude>
    <ClInclude Include="header\Game.h">
      <Filter>header</Filter>
    </ClInclude>
    <ClInclude Include="header\Obstacle.h">
      <Filter>header</Filter>
    </ClInclude>
    <ClInclude Include="header\Player.h">
      <Filter>header</Filter>
    </ClInclude>
    <ClInclude Include="header\Track.h">
      <Filter>header</Filter>
    </ClInclude>
  </ItemGroup>
  <ItemGroup>
    <Filter Include="Source">
      <UniqueIdentifier>{a8e86deb-b86f-4402-af3c-6599f058d1d7}</UniqueIdentifier>
    </Filter>
    <Filter Include="header">
      <UniqueIdentifier>{a9273f67-3ff6-455c-88e5-02cab24e2f0b}</UniqueIdentifier>
    </Filter>
  </ItemGroup>
</Project>